// !$*UTF8*$!
{
	archiveVersion = 1;
	classes = {
	};
	objectVersion = 50;
	objects = {

/* Begin PBXBuildFile section */
		76E21F9E20A4ABB4000D11E8 /* AppDelegate.swift in Sources */ = {isa = PBXBuildFile; fileRef = 76E21F9D20A4ABB4000D11E8 /* AppDelegate.swift */; };
		76E21FA020A4ABB4000D11E8 /* ViewController.swift in Sources */ = {isa = PBXBuildFile; fileRef = 76E21F9F20A4ABB4000D11E8 /* ViewController.swift */; };
		76E21FA320A4ABB4000D11E8 /* Main.storyboard in Resources */ = {isa = PBXBuildFile; fileRef = 76E21FA120A4ABB4000D11E8 /* Main.storyboard */; };
		76E21FA520A4ABB5000D11E8 /* Assets.xcassets in Resources */ = {isa = PBXBuildFile; fileRef = 76E21FA420A4ABB5000D11E8 /* Assets.xcassets */; };
		76E21FA820A4ABB5000D11E8 /* LaunchScreen.storyboard in Resources */ = {isa = PBXBuildFile; fileRef = 76E21FA620A4ABB5000D11E8 /* LaunchScreen.storyboard */; };
		76E21FB320A4ABB6000D11E8 /* HelloWorldTests.swift in Sources */ = {isa = PBXBuildFile; fileRef = 76E21FB220A4ABB6000D11E8 /* HelloWorldTests.swift */; };
		76E21FBE20A4ABB6000D11E8 /* HelloWorldUITests.swift in Sources */ = {isa = PBXBuildFile; fileRef = 76E21FBD20A4ABB6000D11E8 /* HelloWorldUITests.swift */; };
/* End PBXBuildFile section */

/* Begin PBXContainerItemProxy section */
		76E21FAF20A4ABB6000D11E8 /* PBXContainerItemProxy */ = {
			isa = PBXContainerItemProxy;
			containerPortal = 76E21F9220A4ABB4000D11E8 /* Project object */;
			proxyType = 1;
			remoteGlobalIDString = 76E21F9920A4ABB4000D11E8;
			remoteInfo = HelloWorld;
		};
		76E21FBA20A4ABB6000D11E8 /* PBXContainerItemProxy */ = {
			isa = PBXContainerItemProxy;
			containerPortal = 76E21F9220A4ABB4000D11E8 /* Project object */;
			proxyType = 1;
			remoteGlobalIDString = 76E21F9920A4ABB4000D11E8;
			remoteInfo = HelloWorld;
		};
/* End PBXContainerItemProxy section */

/* Begin PBXFileReference section */
		76E21F9A20A4ABB4000D11E8 /* HelloWorld.app */ = {isa = PBXFileReference; explicitFileType = wrapper.application; includeInIndex = 0; path = HelloWorld.app; sourceTree = BUILT_PRODUCTS_DIR; };
		76E21F9D20A4ABB4000D11E8 /* AppDelegate.swift */ = {isa = PBXFileReference; lastKnownFileType = sourcecode.swift; path = AppDelegate.swift; sourceTree = "<group>"; };
		76E21F9F20A4ABB4000D11E8 /* ViewController.swift */ = {isa = PBXFileReference; lastKnownFileType = sourcecode.swift; path = ViewController.swift; sourceTree = "<group>"; };
		76E21FA220A4ABB4000D11E8 /* Base */ = {isa = PBXFileReference; lastKnownFileType = file.storyboard; name = Base; path = Base.lproj/Main.storyboard; sourceTree = "<group>"; };
		76E21FA420A4ABB5000D11E8 /* Assets.xcassets */ = {isa = PBXFileReference; lastKnownFileType = folder.assetcatalog; path = Assets.xcassets; sourceTree = "<group>"; };
		76E21FA720A4ABB5000D11E8 /* Base */ = {isa = PBXFileReference; lastKnownFileType = file.storyboard; name = Base; path = Base.lproj/LaunchScreen.storyboard; sourceTree = "<group>"; };
		76E21FA920A4ABB5000D11E8 /* Info.plist */ = {isa = PBXFileReference; lastKnownFileType = text.plist.xml; path = Info.plist; sourceTree = "<group>"; };
		76E21FAE20A4ABB6000D11E8 /* HelloWorldTests.xctest */ = {isa = PBXFileReference; explicitFileType = wrapper.cfbundle; includeInIndex = 0; path = HelloWorldTests.xctest; sourceTree = BUILT_PRODUCTS_DIR; };
		76E21FB220A4ABB6000D11E8 /* HelloWorldTests.swift */ = {isa = PBXFileReference; lastKnownFileType = sourcecode.swift; path = HelloWorldTests.swift; sourceTree = "<group>"; };
		76E21FB420A4ABB6000D11E8 /* Info.plist */ = {isa = PBXFileReference; lastKnownFileType = text.plist.xml; path = Info.plist; sourceTree = "<group>"; };
		76E21FB920A4ABB6000D11E8 /* HelloWorldUITests.xctest */ = {isa = PBXFileReference; explicitFileType = wrapper.cfbundle; includeInIndex = 0; path = HelloWorldUITests.xctest; sourceTree = BUILT_PRODUCTS_DIR; };
		76E21FBD20A4ABB6000D11E8 /* HelloWorldUITests.swift */ = {isa = PBXFileReference; lastKnownFileType = sourcecode.swift; path = HelloWorldUITests.swift; sourceTree = "<group>"; };
		76E21FBF20A4ABB6000D11E8 /* Info.plist */ = {isa = PBXFileReference; lastKnownFileType = text.plist.xml; path = Info.plist; sourceTree = "<group>"; };
/* End PBXFileReference section */

/* Begin PBXFrameworksBuildPhase section */
		76E21F9720A4ABB4000D11E8 /* Frameworks */ = {
			isa = PBXFrameworksBuildPhase;
			buildActionMask = 2147483647;
			files = (
			);
			runOnlyForDeploymentPostprocessing = 0;
		};
		76E21FAB20A4ABB6000D11E8 /* Frameworks */ = {
			isa = PBXFrameworksBuildPhase;
			buildActionMask = 2147483647;
			files = (
			);
			runOnlyForDeploymentPostprocessing = 0;
		};
		76E21FB620A4ABB6000D11E8 /* Frameworks */ = {
			isa = PBXFrameworksBuildPhase;
			buildActionMask = 2147483647;
			files = (
			);
			runOnlyForDeploymentPostprocessing = 0;
		};
/* End PBXFrameworksBuildPhase section */

/* Begin PBXGroup section */
		76E21F9120A4ABB4000D11E8 = {
			isa = PBXGroup;
			children = (
				76E21F9C20A4ABB4000D11E8 /* HelloWorld */,
				76E21FB120A4ABB6000D11E8 /* HelloWorldTests */,
				76E21FBC20A4ABB6000D11E8 /* HelloWorldUITests */,
				76E21F9B20A4ABB4000D11E8 /* Products */,
			);
			sourceTree = "<group>";
		};
		76E21F9B20A4ABB4000D11E8 /* Products */ = {
			isa = PBXGroup;
			children = (
				76E21F9A20A4ABB4000D11E8 /* HelloWorld.app */,
				76E21FAE20A4ABB6000D11E8 /* HelloWorldTests.xctest */,
				76E21FB920A4ABB6000D11E8 /* HelloWorldUITests.xctest */,
			);
			name = Products;
			sourceTree = "<group>";
		};
		76E21F9C20A4ABB4000D11E8 /* HelloWorld */ = {
			isa = PBXGroup;
			children = (
				76E21F9D20A4ABB4000D11E8 /* AppDelegate.swift */,
				76E21F9F20A4ABB4000D11E8 /* ViewController.swift */,
				76E21FA120A4ABB4000D11E8 /* Main.storyboard */,
				76E21FA420A4ABB5000D11E8 /* Assets.xcassets */,
				76E21FA620A4ABB5000D11E8 /* LaunchScreen.storyboard */,
				76E21FA920A4ABB5000D11E8 /* Info.plist */,
			);
			path = HelloWorld;
			sourceTree = "<group>";
		};
		76E21FB120A4ABB6000D11E8 /* HelloWorldTests */ = {
			isa = PBXGroup;
			children = (
				76E21FB220A4ABB6000D11E8 /* HelloWorldTests.swift */,
				76E21FB420A4ABB6000D11E8 /* Info.plist */,
			);
			path = HelloWorldTests;
			sourceTree = "<group>";
		};
		76E21FBC20A4ABB6000D11E8 /* HelloWorldUITests */ = {
			isa = PBXGroup;
			children = (
				76E21FBD20A4ABB6000D11E8 /* HelloWorldUITests.swift */,
				76E21FBF20A4ABB6000D11E8 /* Info.plist */,
			);
			path = HelloWorldUITests;
			sourceTree = "<group>";
		};
/* End PBXGroup section */

/* Begin PBXNativeTarget section */
		76E21F9920A4ABB4000D11E8 /* HelloWorld */ = {
			isa = PBXNativeTarget;
			buildConfigurationList = 76E21FC220A4ABB6000D11E8 /* Build configuration list for PBXNativeTarget "HelloWorld" */;
			buildPhases = (
				76E21F9620A4ABB4000D11E8 /* Sources */,
				76E21F9720A4ABB4000D11E8 /* Frameworks */,
				76E21F9820A4ABB4000D11E8 /* Resources */,
			);
			buildRules = (
			);
			dependencies = (
			);
			name = HelloWorld;
			productName = HelloWorld;
			productReference = 76E21F9A20A4ABB4000D11E8 /* HelloWorld.app */;
			productType = "com.apple.product-type.application";
		};
		76E21FAD20A4ABB6000D11E8 /* HelloWorldTests */ = {
			isa = PBXNativeTarget;
			buildConfigurationList = 76E21FC520A4ABB6000D11E8 /* Build configuration list for PBXNativeTarget "HelloWorldTests" */;
			buildPhases = (
				76E21FAA20A4ABB6000D11E8 /* Sources */,
				76E21FAB20A4ABB6000D11E8 /* Frameworks */,
				76E21FAC20A4ABB6000D11E8 /* Resources */,
			);
			buildRules = (
			);
			dependencies = (
				76E21FB020A4ABB6000D11E8 /* PBXTargetDependency */,
			);
			name = HelloWorldTests;
			productName = HelloWorldTests;
			productReference = 76E21FAE20A4ABB6000D11E8 /* HelloWorldTests.xctest */;
			productType = "com.apple.product-type.bundle.unit-test";
		};
		76E21FB820A4ABB6000D11E8 /* HelloWorldUITests */ = {
			isa = PBXNativeTarget;
			buildConfigurationList = 76E21FC820A4ABB6000D11E8 /* Build configuration list for PBXNativeTarget "HelloWorldUITests" */;
			buildPhases = (
				76E21FB520A4ABB6000D11E8 /* Sources */,
				76E21FB620A4ABB6000D11E8 /* Frameworks */,
				76E21FB720A4ABB6000D11E8 /* Resources */,
			);
			buildRules = (
			);
			dependencies = (
				76E21FBB20A4ABB6000D11E8 /* PBXTargetDependency */,
			);
			name = HelloWorldUITests;
			productName = HelloWorldUITests;
			productReference = 76E21FB920A4ABB6000D11E8 /* HelloWorldUITests.xctest */;
			productType = "com.apple.product-type.bundle.ui-testing";
		};
/* End PBXNativeTarget section */

/* Begin PBXProject section */
		76E21F9220A4ABB4000D11E8 /* Project object */ = {
			isa = PBXProject;
			attributes = {
				LastSwiftUpdateCheck = 0930;
				LastUpgradeCheck = 0930;
				ORGANIZATIONNAME = "Андрей Флинт";
				TargetAttributes = {
					76E21F9920A4ABB4000D11E8 = {
						CreatedOnToolsVersion = 9.3;
					};
					76E21FAD20A4ABB6000D11E8 = {
						CreatedOnToolsVersion = 9.3;
						TestTargetID = 76E21F9920A4ABB4000D11E8;
					};
					76E21FB820A4ABB6000D11E8 = {
						CreatedOnToolsVersion = 9.3;
						TestTargetID = 76E21F9920A4ABB4000D11E8;
					};
				};
			};
			buildConfigurationList = 76E21F9520A4ABB4000D11E8 /* Build configuration list for PBXProject "HelloWorld" */;
			compatibilityVersion = "Xcode 9.3";
			developmentRegion = en;
			hasScannedForEncodings = 0;
			knownRegions = (
				en,
				Base,
			);
			mainGroup = 76E21F9120A4ABB4000D11E8;
			productRefGroup = 76E21F9B20A4ABB4000D11E8 /* Products */;
			projectDirPath = "";
			projectRoot = "";
			targets = (
				76E21F9920A4ABB4000D11E8 /* HelloWorld */,
				76E21FAD20A4ABB6000D11E8 /* HelloWorldTests */,
				76E21FB820A4ABB6000D11E8 /* HelloWorldUITests */,
			);
		};
/* End PBXProject section */

/* Begin PBXResourcesBuildPhase section */
		76E21F9820A4ABB4000D11E8 /* Resources */ = {
			isa = PBXResourcesBuildPhase;
			buildActionMask = 2147483647;
			files = (
				76E21FA820A4ABB5000D11E8 /* LaunchScreen.storyboard in Resources */,
				76E21FA520A4ABB5000D11E8 /* Assets.xcassets in Resources */,
				76E21FA320A4ABB4000D11E8 /* Main.storyboard in Resources */,
			);
			runOnlyForDeploymentPostprocessing = 0;
		};
		76E21FAC20A4ABB6000D11E8 /* Resources */ = {
			isa = PBXResourcesBuildPhase;
			buildActionMask = 2147483647;
			files = (
			);
			runOnlyForDeploymentPostprocessing = 0;
		};
		76E21FB720A4ABB6000D11E8 /* Resources */ = {
			isa = PBXResourcesBuildPhase;
			buildActionMask = 2147483647;
			files = (
			);
			runOnlyForDeploymentPostprocessing = 0;
		};
/* End PBXResourcesBuildPhase section */

/* Begin PBXSourcesBuildPhase section */
		76E21F9620A4ABB4000D11E8 /* Sources */ = {
			isa = PBXSourcesBuildPhase;
			buildActionMask = 2147483647;
			files = (
				76E21FA020A4ABB4000D11E8 /* ViewController.swift in Sources */,
				76E21F9E20A4ABB4000D11E8 /* AppDelegate.swift in Sources */,
			);
			runOnlyForDeploymentPostprocessing = 0;
		};
		76E21FAA20A4ABB6000D11E8 /* Sources */ = {
			isa = PBXSourcesBuildPhase;
			buildActionMask = 2147483647;
			files = (
				76E21FB320A4ABB6000D11E8 /* HelloWorldTests.swift in Sources */,
			);
			runOnlyForDeploymentPostprocessing = 0;
		};
		76E21FB520A4ABB6000D11E8 /* Sources */ = {
			isa = PBXSourcesBuildPhase;
			buildActionMask = 2147483647;
			files = (
				76E21FBE20A4ABB6000D11E8 /* HelloWorldUITests.swift in Sources */,
			);
			runOnlyForDeploymentPostprocessing = 0;
		};
/* End PBXSourcesBuildPhase section */

/* Begin PBXTargetDependency section */
		76E21FB020A4ABB6000D11E8 /* PBXTargetDependency */ = {
			isa = PBXTargetDependency;
			target = 76E21F9920A4ABB4000D11E8 /* HelloWorld */;
			targetProxy = 76E21FAF20A4ABB6000D11E8 /* PBXContainerItemProxy */;
		};
		76E21FBB20A4ABB6000D11E8 /* PBXTargetDependency */ = {
			isa = PBXTargetDependency;
			target = 76E21F9920A4ABB4000D11E8 /* HelloWorld */;
			targetProxy = 76E21FBA20A4ABB6000D11E8 /* PBXContainerItemProxy */;
		};
/* End PBXTargetDependency section */

/* Begin PBXVariantGroup section */
		76E21FA120A4ABB4000D11E8 /* Main.storyboard */ = {
			isa = PBXVariantGroup;
			children = (
				76E21FA220A4ABB4000D11E8 /* Base */,
			);
			name = Main.storyboard;
			sourceTree = "<group>";
		};
		76E21FA620A4ABB5000D11E8 /* LaunchScreen.storyboard */ = {
			isa = PBXVariantGroup;
			children = (
				76E21FA720A4ABB5000D11E8 /* Base */,
			);
			name = LaunchScreen.storyboard;
			sourceTree = "<group>";
		};
/* End PBXVariantGroup section */

/* Begin XCBuildConfiguration section */
		76E21FC020A4ABB6000D11E8 /* Debug */ = {
			isa = XCBuildConfiguration;
			buildSettings = {
				ALWAYS_SEARCH_USER_PATHS = NO;
				CLANG_ANALYZER_NONNULL = YES;
				CLANG_ANALYZER_NUMBER_OBJECT_CONVERSION = YES_AGGRESSIVE;
				CLANG_CXX_LANGUAGE_STANDARD = "gnu++14";
				CLANG_CXX_LIBRARY = "libc++";
				CLANG_ENABLE_MODULES = YES;
				CLANG_ENABLE_OBJC_ARC = YES;
				CLANG_ENABLE_OBJC_WEAK = YES;
				CLANG_WARN_BLOCK_CAPTURE_AUTORELEASING = YES;
				CLANG_WARN_BOOL_CONVERSION = YES;
				CLANG_WARN_COMMA = YES;
				CLANG_WARN_CONSTANT_CONVERSION = YES;
				CLANG_WARN_DEPRECATED_OBJC_IMPLEMENTATIONS = YES;
				CLANG_WARN_DIRECT_OBJC_ISA_USAGE = YES_ERROR;
				CLANG_WARN_DOCUMENTATION_COMMENTS = YES;
				CLANG_WARN_EMPTY_BODY = YES;
				CLANG_WARN_ENUM_CONVERSION = YES;
				CLANG_WARN_INFINITE_RECURSION = YES;
				CLANG_WARN_INT_CONVERSION = YES;
				CLANG_WARN_NON_LITERAL_NULL_CONVERSION = YES;
				CLANG_WARN_OBJC_IMPLICIT_RETAIN_SELF = YES;
				CLANG_WARN_OBJC_LITERAL_CONVERSION = YES;
				CLANG_WARN_OBJC_ROOT_CLASS = YES_ERROR;
				CLANG_WARN_RANGE_LOOP_ANALYSIS = YES;
				CLANG_WARN_STRICT_PROTOTYPES = YES;
				CLANG_WARN_SUSPICIOUS_MOVE = YES;
				CLANG_WARN_UNGUARDED_AVAILABILITY = YES_AGGRESSIVE;
				CLANG_WARN_UNREACHABLE_CODE = YES;
				CLANG_WARN__DUPLICATE_METHOD_MATCH = YES;
				CODE_SIGN_IDENTITY = "iPhone Developer";
				COPY_PHASE_STRIP = NO;
				DEBUG_INFORMATION_FORMAT = dwarf;
				ENABLE_STRICT_OBJC_MSGSEND = YES;
				ENABLE_TESTABILITY = YES;
				GCC_C_LANGUAGE_STANDARD = gnu11;
				GCC_DYNAMIC_NO_PIC = NO;
				GCC_NO_COMMON_BLOCKS = YES;
				GCC_OPTIMIZATION_LEVEL = 0;
				GCC_PREPROCESSOR_DEFINITIONS = (
					"DEBUG=1",
					"$(inherited)",
				);
				GCC_WARN_64_TO_32_BIT_CONVERSION = YES;
				GCC_WARN_ABOUT_RETURN_TYPE = YES_ERROR;
				GCC_WARN_UNDECLARED_SELECTOR = YES;
				GCC_WARN_UNINITIALIZED_AUTOS = YES_AGGRESSIVE;
				GCC_WARN_UNUSED_FUNCTION = YES;
				GCC_WARN_UNUSED_VARIABLE = YES;
				IPHONEOS_DEPLOYMENT_TARGET = 11.3;
				MTL_ENABLE_DEBUG_INFO = YES;
				ONLY_ACTIVE_ARCH = YES;
				SDKROOT = iphoneos;
				SWIFT_ACTIVE_COMPILATION_CONDITIONS = DEBUG;
				SWIFT_OPTIMIZATION_LEVEL = "-Onone";
			};
			name = Debug;
		};
		76E21FC120A4ABB6000D11E8 /* Release */ = {
			isa = XCBuildConfiguration;
			buildSettings = {
				ALWAYS_SEARCH_USER_PATHS = NO;
				CLANG_ANALYZER_NONNULL = YES;
				CLANG_ANALYZER_NUMBER_OBJECT_CONVERSION = YES_AGGRESSIVE;
				CLANG_CXX_LANGUAGE_STANDARD = "gnu++14";
				CLANG_CXX_LIBRARY = "libc++";
				CLANG_ENABLE_MODULES = YES;
				CLANG_ENABLE_OBJC_ARC = YES;
				CLANG_ENABLE_OBJC_WEAK = YES;
				CLANG_WARN_BLOCK_CAPTURE_AUTORELEASING = YES;
				CLANG_WARN_BOOL_CONVERSION = YES;
				CLANG_WARN_COMMA = YES;
				CLANG_WARN_CONSTANT_CONVERSION = YES;
				CLANG_WARN_DEPRECATED_OBJC_IMPLEMENTATIONS = YES;
				CLANG_WARN_DIRECT_OBJC_ISA_USAGE = YES_ERROR;
				CLANG_WARN_DOCUMENTATION_COMMENTS = YES;
				CLANG_WARN_EMPTY_BODY = YES;
				CLANG_WARN_ENUM_CONVERSION = YES;
				CLANG_WARN_INFINITE_RECURSION = YES;
				CLANG_WARN_INT_CONVERSION = YES;
				CLANG_WARN_NON_LITERAL_NULL_CONVERSION = YES;
				CLANG_WARN_OBJC_IMPLICIT_RETAIN_SELF = YES;
				CLANG_WARN_OBJC_LITERAL_CONVERSION = YES;
				CLANG_WARN_OBJC_ROOT_CLASS = YES_ERROR;
				CLANG_WARN_RANGE_LOOP_ANALYSIS = YES;
				CLANG_WARN_STRICT_PROTOTYPES = YES;
				CLANG_WARN_SUSPICIOUS_MOVE = YES;
				CLANG_WARN_UNGUARDED_AVAILABILITY = YES_AGGRESSIVE;
				CLANG_WARN_UNREACHABLE_CODE = YES;
				CLANG_WARN__DUPLICATE_METHOD_MATCH = YES;
				CODE_SIGN_IDENTITY = "iPhone Developer";
				COPY_PHASE_STRIP = NO;
				DEBUG_INFORMATION_FORMAT = "dwarf-with-dsym";
				ENABLE_NS_ASSERTIONS = NO;
				ENABLE_STRICT_OBJC_MSGSEND = YES;
				GCC_C_LANGUAGE_STANDARD = gnu11;
				GCC_NO_COMMON_BLOCKS = YES;
				GCC_WARN_64_TO_32_BIT_CONVERSION = YES;
				GCC_WARN_ABOUT_RETURN_TYPE = YES_ERROR;
				GCC_WARN_UNDECLARED_SELECTOR = YES;
				GCC_WARN_UNINITIALIZED_AUTOS = YES_AGGRESSIVE;
				GCC_WARN_UNUSED_FUNCTION = YES;
				GCC_WARN_UNUSED_VARIABLE = YES;
				IPHONEOS_DEPLOYMENT_TARGET = 11.3;
				MTL_ENABLE_DEBUG_INFO = NO;
				SDKROOT = iphoneos;
				SWIFT_COMPILATION_MODE = wholemodule;
				SWIFT_OPTIMIZATION_LEVEL = "-O";
				VALIDATE_PRODUCT = YES;
			};
			name = Release;
		};
		76E21FC320A4ABB6000D11E8 /* Debug */ = {
			isa = XCBuildConfiguration;
			buildSettings = {
				ASSETCATALOG_COMPILER_APPICON_NAME = AppIcon;
				CODE_SIGN_STYLE = Automatic;
				INFOPLIST_FILE = HelloWorld/Info.plist;
				LD_RUNPATH_SEARCH_PATHS = (
					"$(inherited)",
					"@executable_path/Frameworks",
				);
				PRODUCT_BUNDLE_IDENTIFIER = "flint-inc.HelloWorld";
				PRODUCT_NAME = "$(TARGET_NAME)";
				SWIFT_VERSION = 4.0;
				TARGETED_DEVICE_FAMILY = "1,2";
			};
			name = Debug;
		};
		76E21FC420A4ABB6000D11E8 /* Release */ = {
			isa = XCBuildConfiguration;
			buildSettings = {
				ASSETCATALOG_COMPILER_APPICON_NAME = AppIcon;
				CODE_SIGN_STYLE = Automatic;
				INFOPLIST_FILE = HelloWorld/Info.plist;
				LD_RUNPATH_SEARCH_PATHS = (
					"$(inherited)",
					"@executable_path/Frameworks",
				);
				PRODUCT_BUNDLE_IDENTIFIER = "flint-inc.HelloWorld";
				PRODUCT_NAME = "$(TARGET_NAME)";
				SWIFT_VERSION = 4.0;
				TARGETED_DEVICE_FAMILY = "1,2";
			};
			name = Release;
		};
		76E21FC620A4ABB6000D11E8 /* Debug */ = {
			isa = XCBuildConfiguration;
			buildSettings = {
				ALWAYS_EMBED_SWIFT_STANDARD_LIBRARIES = YES;
				BUNDLE_LOADER = "$(TEST_HOST)";
				CODE_SIGN_STYLE = Automatic;
				INFOPLIST_FILE = HelloWorldTests/Info.plist;
				LD_RUNPATH_SEARCH_PATHS = (
					"$(inherited)",
					"@executable_path/Frameworks",
					"@loader_path/Frameworks",
				);
				PRODUCT_BUNDLE_IDENTIFIER = "flint-inc.HelloWorldTests";
				PRODUCT_NAME = "$(TARGET_NAME)";
				SWIFT_VERSION = 4.0;
				TARGETED_DEVICE_FAMILY = "1,2";
				TEST_HOST = "$(BUILT_PRODUCTS_DIR)/HelloWorld.app/HelloWorld";
			};
			name = Debug;
		};
		76E21FC720A4ABB6000D11E8 /* Release */ = {
			isa = XCBuildConfiguration;
			buildSettings = {
				ALWAYS_EMBED_SWIFT_STANDARD_LIBRARIES = YES;
				BUNDLE_LOADER = "$(TEST_HOST)";
				CODE_SIGN_STYLE = Automatic;
				INFOPLIST_FILE = HelloWorldTests/Info.plist;
				LD_RUNPATH_SEARCH_PATHS = (
					"$(inherited)",
					"@executable_path/Frameworks",
					"@loader_path/Frameworks",
				);
				PRODUCT_BUNDLE_IDENTIFIER = "flint-inc.HelloWorldTests";
				PRODUCT_NAME = "$(TARGET_NAME)";
				SWIFT_VERSION = 4.0;
				TARGETED_DEVICE_FAMILY = "1,2";
				TEST_HOST = "$(BUILT_PRODUCTS_DIR)/HelloWorld.app/HelloWorld";
			};
			name = Release;
		};
		76E21FC920A4ABB6000D11E8 /* Debug */ = {
			isa = XCBuildConfiguration;
			buildSettings = {
				ALWAYS_EMBED_SWIFT_STANDARD_LIBRARIES = YES;
				CODE_SIGN_STYLE = Automatic;
				INFOPLIST_FILE = HelloWorldUITests/Info.plist;
				LD_RUNPATH_SEARCH_PATHS = (
					"$(inherited)",
					"@executable_path/Frameworks",
					"@loader_path/Frameworks",
				);
				PRODUCT_BUNDLE_IDENTIFIER = "flint-inc.HelloWorldUITests";
				PRODUCT_NAME = "$(TARGET_NAME)";
				SWIFT_VERSION = 4.0;
				TARGETED_DEVICE_FAMILY = "1,2";
				TEST_TARGET_NAME = HelloWorld;
			};
			name = Debug;
		};
		76E21FCA20A4ABB6000D11E8 /* Release */ = {
			isa = XCBuildConfiguration;
			buildSettings = {
				ALWAYS_EMBED_SWIFT_STANDARD_LIBRARIES = YES;
				CODE_SIGN_STYLE = Automatic;
				INFOPLIST_FILE = HelloWorldUITests/Info.plist;
				LD_RUNPATH_SEARCH_PATHS = (
					"$(inherited)",
					"@executable_path/Frameworks",
					"@loader_path/Frameworks",
				);
				PRODUCT_BUNDLE_IDENTIFIER = "flint-inc.HelloWorldUITests";
				PRODUCT_NAME = "$(TARGET_NAME)";
				SWIFT_VERSION = 4.0;
				TARGETED_DEVICE_FAMILY = "1,2";
				TEST_TARGET_NAME = HelloWorld;
			};
			name = Release;
		};
/* End XCBuildConfiguration section */

/* Begin XCConfigurationList section */
		76E21F9520A4ABB4000D11E8 /* Build configuration list for PBXProject "HelloWorld" */ = {
			isa = XCConfigurationList;
			buildConfigurations = (
				76E21FC020A4ABB6000D11E8 /* Debug */,
				76E21FC120A4ABB6000D11E8 /* Release */,
			);
			defaultConfigurationIsVisible = 0;
			defaultConfigurationName = Release;
		};
		76E21FC220A4ABB6000D11E8 /* Build configuration list for PBXNativeTarget "HelloWorld" */ = {
			isa = XCConfigurationList;
			buildConfigurations = (
				76E21FC320A4ABB6000D11E8 /* Debug */,
				76E21FC420A4ABB6000D11E8 /* Release */,
			);
			defaultConfigurationIsVisible = 0;
			defaultConfigurationName = Release;
		};
		76E21FC520A4ABB6000D11E8 /* Build configuration list for PBXNativeTarget "HelloWorldTests" */ = {
			isa = XCConfigurationList;
			buildConfigurations = (
				76E21FC620A4ABB6000D11E8 /* Debug */,
				76E21FC720A4ABB6000D11E8 /* Release */,
			);
			defaultConfigurationIsVisible = 0;
			defaultConfigurationName = Release;
		};
		76E21FC820A4ABB6000D11E8 /* Build configuration list for PBXNativeTarget "HelloWorldUITests" */ = {
			isa = XCConfigurationList;
			buildConfigurations = (
				76E21FC920A4ABB6000D11E8 /* Debug */,
				76E21FCA20A4ABB6000D11E8 /* Release */,
			);
			defaultConfigurationIsVisible = 0;
			defaultConfigurationName = Release;
		};
/* End XCConfigurationList section */
	};
	rootObject = 76E21F9220A4ABB4000D11E8 /* Project object */;
}
